
Microsoft Visual Studio Solution File, Format Version 12.00
# Visual Studio Version 17
VisualStudioVersion = 17.9.34723.18
MinimumVisualStudioVersion = 10.0.40219.1
Project("{FAE04EC0-301F-11D3-BF4B-00C04F79EFBC}") = "Consumer", "Consumer\Consumer.csproj", "{306FA146-2840-40D7-9F40-21A89080F9E4}"
EndProject
Global
	GlobalSection(SolutionConfigurationPlatforms) = preSolution
		Debug|Any CPU = Debug|Any CPU
		Release|Any CPU = Release|Any CPU
	EndGlobalSection
	GlobalSection(ProjectConfigurationPlatforms) = postSolution
		{306FA146-2840-40D7-9F40-21A89080F9E4}.Debug|Any CPU.ActiveCfg = Debug|Any CPU
		{306FA146-2840-40D7-9F40-21A89080F9E4}.Debug|Any CPU.Build.0 = Debug|Any CPU
		{306FA146-2840-40D7-9F40-21A89080F9E4}.Release|Any CPU.ActiveCfg = Release|Any CPU
		{306FA146-2840-40D7-9F40-21A89080F9E4}.Release|Any CPU.Build.0 = Release|Any CPU
	EndGlobalSection
	GlobalSection(SolutionProperties) = preSolution
		HideSolutionNode = FALSE
	EndGlobalSection
	GlobalSection(ExtensibilityGlobals) = postSolution
		SolutionGuid = {3CE3ABA9-5757-45DC-BD7C-7D7B44749332}
	EndGlobalSection
EndGlobal
